
Microsoft Visual Studio Solution File, Format Version 12.00
# Visual Studio Version 17
VisualStudioVersion = 17.10.35027.167
MinimumVisualStudioVersion = 10.0.40219.1
Project("{9A19103F-16F7-4668-BE54-9A1E7A4F7556}") = "AutomobileSystemReadWrite", "AutomobileSystemReadWrite\AutomobileSystemReadWrite.csproj", "{276C045C-D3A3-4991-B76D-896A0BB7651D}"
EndProject
Project("{9A19103F-16F7-4668-BE54-9A1E7A4F7556}") = "AutomobileRent.Core", "AutomobileRent.Core\AutomobileRent.Core.csproj", "{AA914370-A707-466C-947A-E7016476909D}"
EndProject
Project("{9A19103F-16F7-4668-BE54-9A1E7A4F7556}") = "RentServiceAPI", "RentServiceAPI\RentServiceAPI.csproj", "{70FB90AE-7FA5-4339-9D31-630F1E7D834E}"
EndProject
Project("{FAE04EC0-301F-11D3-BF4B-00C04F79EFBC}") = "AutoRent.FrontEnd", "AutoRent.FrontEnd\AutoRent.FrontEnd.csproj", "{1653DAE3-BF4B-4AED-BBB4-19DEA0FBDE62}"
EndProject
Global
	GlobalSection(SolutionConfigurationPlatforms) = preSolution
		Debug|Any CPU = Debug|Any CPU
		Release|Any CPU = Release|Any CPU
	EndGlobalSection
	GlobalSection(ProjectConfigurationPlatforms) = postSolution
		{276C045C-D3A3-4991-B76D-896A0BB7651D}.Debug|Any CPU.ActiveCfg = Debug|Any CPU
		{276C045C-D3A3-4991-B76D-896A0BB7651D}.Debug|Any CPU.Build.0 = Debug|Any CPU
		{276C045C-D3A3-4991-B76D-896A0BB7651D}.Release|Any CPU.ActiveCfg = Release|Any CPU
		{276C045C-D3A3-4991-B76D-896A0BB7651D}.Release|Any CPU.Build.0 = Release|Any CPU
		{AA914370-A707-466C-947A-E7016476909D}.Debug|Any CPU.ActiveCfg = Debug|Any CPU
		{AA914370-A707-466C-947A-E7016476909D}.Debug|Any CPU.Build.0 = Debug|Any CPU
		{AA914370-A707-466C-947A-E7016476909D}.Release|Any CPU.ActiveCfg = Release|Any CPU
		{AA914370-A707-466C-947A-E7016476909D}.Release|Any CPU.Build.0 = Release|Any CPU
		{70FB90AE-7FA5-4339-9D31-630F1E7D834E}.Debug|Any CPU.ActiveCfg = Debug|Any CPU
		{70FB90AE-7FA5-4339-9D31-630F1E7D834E}.Debug|Any CPU.Build.0 = Debug|Any CPU
		{70FB90AE-7FA5-4339-9D31-630F1E7D834E}.Release|Any CPU.ActiveCfg = Release|Any CPU
		{70FB90AE-7FA5-4339-9D31-630F1E7D834E}.Release|Any CPU.Build.0 = Release|Any CPU
		{1653DAE3-BF4B-4AED-BBB4-19DEA0FBDE62}.Debug|Any CPU.ActiveCfg = Debug|Any CPU
		{1653DAE3-BF4B-4AED-BBB4-19DEA0FBDE62}.Debug|Any CPU.Build.0 = Debug|Any CPU
		{1653DAE3-BF4B-4AED-BBB4-19DEA0FBDE62}.Release|Any CPU.ActiveCfg = Release|Any CPU
		{1653DAE3-BF4B-4AED-BBB4-19DEA0FBDE62}.Release|Any CPU.Build.0 = Release|Any CPU
	EndGlobalSection
	GlobalSection(SolutionProperties) = preSolution
		HideSolutionNode = FALSE
	EndGlobalSection
	GlobalSection(ExtensibilityGlobals) = postSolution
		SolutionGuid = {15931971-19F4-4964-856B-A0331ADE2B21}
	EndGlobalSection
EndGlobal
